schema: '2.0'
stages:
  download:
    cmd: Rscript R/download.R
    deps:
    - path: R/download.R
      md5: 97fc4122fa78aca8d7009bf09bbeee87
      size: 918
    outs:
    - path: download/
      md5: 12d47d378f950e45c6e98f5c5967adfa.dir
      size: 18944585
      nfiles: 16
  process:
    cmd: Rscript R/process.R
    deps:
    - path: R/process.R
      md5: 9423d182209a3f2eba06a2195b0884ec
      size: 2069
    - path: download/
      md5: edf04968635d3dcb7161583adc9b5654.dir
      size: 115938460
      nfiles: 278
    outs:
    - path: data/
      md5: f3df02eb0114d8920c3f0e34d67afaee.dir
      size: 25315897
      nfiles: 40
