schema: '2.0'
stages:
  download:
    cmd: Rscript R/download.R
    deps:
    - path: R/download.R
      md5: 959bd887084de366e0b88d55fad332b7
      size: 917
    outs:
    - path: download/
      md5: f9919f954cb2c7efb7561365324e506e.dir
      size: 18953028
      nfiles: 16
  process:
    cmd: Rscript R/process.R
    deps:
    - path: R/process.R
      md5: 9bcab0e236404a864a4fb17cff1e5ccd
      size: 2116
    - path: download/
      md5: 255ea10101724502acffe168a7c7972f.dir
      size: 115907149
      nfiles: 278
    outs:
    - path: data/
      md5: f4e3fb304b20d1a2c39a790afea45d2e.dir
      size: 25347188
      nfiles: 40
